
Microsoft Visual Studio Solution File, Format Version 11.00
# Visual Studio 2010
Project("{D2ABAB84-BF74-430A-B69E-9DC6D40DDA17}") = "BI_Pharmacie_CUBE", "BI_Pharmacie_CUBE\BI_Pharmacie_CUBE.dwproj", "{A3426DEC-B390-4EC3-8163-56107E43B903}"
EndProject
Global
	GlobalSection(SolutionConfigurationPlatforms) = preSolution
		Development|Default = Development|Default
	EndGlobalSection
	GlobalSection(ProjectConfigurationPlatforms) = postSolution
		{A3426DEC-B390-4EC3-8163-56107E43B903}.Development|Default.ActiveCfg = Development
		{A3426DEC-B390-4EC3-8163-56107E43B903}.Development|Default.Build.0 = Development
		{A3426DEC-B390-4EC3-8163-56107E43B903}.Development|Default.Deploy.0 = Development
	EndGlobalSection
	GlobalSection(SolutionProperties) = preSolution
		HideSolutionNode = FALSE
	EndGlobalSection
EndGlobal
